<?xml version="1.0" encoding="utf-8"?>
<Project ToolsVersion="4.0" xmlns="http://schemas.microsoft.com/developer/msbuild/2003">
  <ItemGroup>
    <Filter Include="Source Files">
      <UniqueIdentifier>{fad05d98-6d86-4b5d-b894-29ff9355700c}</UniqueIdentifier>
      <Extensions>cpp;c;cxx;rc;def;r;odl;idl;hpj;bat</Extensions>
    </Filter>
    <Filter Include="Header Files">
      <UniqueIdentifier>{5139e844-a4b9-417b-9f53-2750561cedcc}</UniqueIdentifier>
      <Extensions>h;hpp;hxx;hm;inl</Extensions>
    </Filter>
  </ItemGroup>
  <ItemGroup>
    <ClCompile Include="..\Srcs\Type.cpp">
      <Filter>Source Files</Filter>
    </ClCompile>
    <ClCompile Include="..\Srcs\SoundManagerStream.cpp">
      <Filter>Source Files</Filter>
    </ClCompile>
    <ClCompile Include="..\Srcs\SoundManager3D.cpp">
      <Filter>Source Files</Filter>
    </ClCompile>
    <ClCompile Include="..\Srcs\SoundManager2D.cpp">
      <Filter>Source Files</Filter>
    </ClCompile>
    <ClCompile Include="..\Srcs\SoundManager.cpp">
      <Filter>Source Files</Filter>
    </ClCompile>
    <ClCompile Include="..\Srcs\SoundInstanceStream.cpp">
      <Filter>Source Files</Filter>
    </ClCompile>
    <ClCompile Include="..\Srcs\SoundInstance3D.cpp">
      <Filter>Source Files</Filter>
    </ClCompile>
    <ClCompile Include="..\Srcs\SoundInstance2D.cpp">
      <Filter>Source Files</Filter>
    </ClCompile>
    <ClCompile Include="..\Srcs\SoundData.cpp">
      <Filter>Source Files</Filter>
    </ClCompile>
    <ClCompile Include="..\Srcs\SoundBase.cpp">
      <Filter>Source Files</Filter>
    </ClCompile>
    <ClCompile Include="..\Srcs\Stdafx.cpp" />
  </ItemGroup>
  <ItemGroup>
    <ClInclude Include="..\Srcs\SoundBase.h">
      <Filter>Header Files</Filter>
    </ClInclude>
    <ClInclude Include="..\Srcs\SoundData.h">
      <Filter>Header Files</Filter>
    </ClInclude>
    <ClInclude Include="..\Srcs\SoundInstance.h">
      <Filter>Header Files</Filter>
    </ClInclude>
    <ClInclude Include="..\Srcs\SoundManager.h">
      <Filter>Header Files</Filter>
    </ClInclude>
    <ClInclude Include="..\Srcs\SoundManager2D.h">
      <Filter>Header Files</Filter>
    </ClInclude>
    <ClInclude Include="..\Srcs\SoundManager3D.h">
      <Filter>Header Files</Filter>
    </ClInclude>
    <ClInclude Include="..\Srcs\SoundManagerStream.h">
      <Filter>Header Files</Filter>
    </ClInclude>
    <ClInclude Include="..\Srcs\Type.h">
      <Filter>Header Files</Filter>
    </ClInclude>
    <ClInclude Include="..\Srcs\Stdafx.h" />
  </ItemGroup>
</Project>