<?xml version="1.0" encoding="utf-8"?>
<Project ToolsVersion="4.0" xmlns="http://schemas.microsoft.com/developer/msbuild/2003">
  <ItemGroup>
    <Filter Include="Source Files">
      <UniqueIdentifier>{b1af3c27-180f-457f-8d99-1a276ea4e29e}</UniqueIdentifier>
      <Extensions>cpp;c;cxx;rc;def;r;odl;idl;hpj;bat</Extensions>
    </Filter>
    <Filter Include="Header Files">
      <UniqueIdentifier>{6f24e753-f70e-40bb-af46-5d6e90d0007f}</UniqueIdentifier>
      <Extensions>h;hpp;hxx;hm;inl</Extensions>
    </Filter>
  </ItemGroup>
  <ItemGroup>
    <ClCompile Include="..\Srcs\spherepack.cpp">
      <Filter>Source Files</Filter>
    </ClCompile>
    <ClCompile Include="..\Srcs\sphere.cpp">
      <Filter>Source Files</Filter>
    </ClCompile>
    <ClCompile Include="..\Srcs\frustum.cpp">
      <Filter>Source Files</Filter>
    </ClCompile>
    <ClCompile Include="..\Srcs\StdAfx.cpp" />
  </ItemGroup>
  <ItemGroup>
    <ClInclude Include="..\Srcs\frustum.h">
      <Filter>Header Files</Filter>
    </ClInclude>
    <ClInclude Include="..\Srcs\pool.h">
      <Filter>Header Files</Filter>
    </ClInclude>
    <ClInclude Include="..\Srcs\sphere.h">
      <Filter>Header Files</Filter>
    </ClInclude>
    <ClInclude Include="..\Srcs\spherepack.h">
      <Filter>Header Files</Filter>
    </ClInclude>
    <ClInclude Include="..\Srcs\vector.h">
      <Filter>Header Files</Filter>
    </ClInclude>
    <ClInclude Include="..\Srcs\StdAfx.h" />
  </ItemGroup>
</Project>