<?xml version="1.0" encoding="utf-8"?>
<Project ToolsVersion="4.0" xmlns="http://schemas.microsoft.com/developer/msbuild/2003">
  <ItemGroup>
    <Filter Include="StringUtility">
      <UniqueIdentifier>{de3ea3b4-ce2c-4ceb-9da4-e412dc04a97d}</UniqueIdentifier>
    </Filter>
    <Filter Include="Core">
      <UniqueIdentifier>{27ecf9f7-99fd-4492-a018-a251c9f3aa93}</UniqueIdentifier>
    </Filter>
    <Filter Include="StringCodec">
      <UniqueIdentifier>{7cb0b649-3322-439f-8055-222583550cc9}</UniqueIdentifier>
    </Filter>
  </ItemGroup>
  <ItemGroup>
    <ClCompile Include="..\Srcs\StringCodec.cpp">
      <Filter>StringCodec</Filter>
    </ClCompile>
    <ClCompile Include="..\Srcs\StringCodec_Vietnamese.cpp">
      <Filter>StringCodec</Filter>
    </ClCompile>
    <ClCompile Include="..\Srcs\Arabic.cpp">
      <Filter>StringUtility</Filter>
    </ClCompile>
    <ClCompile Include="..\Srcs\Japanese.cpp">
      <Filter>StringUtility</Filter>
    </ClCompile>
    <ClCompile Include="..\Srcs\StdAfx.cpp" />
  </ItemGroup>
  <ItemGroup>
    <ClInclude Include="..\Srcs\CodePageId.h">
      <Filter>Core</Filter>
    </ClInclude>
    <ClInclude Include="..\Srcs\StringCodec.h">
      <Filter>StringCodec</Filter>
    </ClInclude>
    <ClInclude Include="..\Srcs\StringCodec_Vietnamese.h">
      <Filter>StringCodec</Filter>
    </ClInclude>
    <ClInclude Include="..\Srcs\Arabic.h">
      <Filter>StringUtility</Filter>
    </ClInclude>
    <ClInclude Include="..\Srcs\Japanese.h">
      <Filter>StringUtility</Filter>
    </ClInclude>
    <ClInclude Include="..\Srcs\StdAfx.h" />
  </ItemGroup>
</Project>