<?xml version="1.0" encoding="utf-8"?>
<Project ToolsVersion="4.0" xmlns="http://schemas.microsoft.com/developer/msbuild/2003">
  <ItemGroup>
    <Filter Include="Source Files">
      <UniqueIdentifier>{902ed47e-e5de-4dd8-a80b-edd85bdaf2e4}</UniqueIdentifier>
      <Extensions>cpp;c;cxx;rc;def;r;odl;idl;hpj;bat</Extensions>
    </Filter>
    <Filter Include="Header Files">
      <UniqueIdentifier>{39886d17-fa5d-4dd6-b5c7-08c75ad3bcf9}</UniqueIdentifier>
      <Extensions>h;hpp;hxx;hm;inl</Extensions>
    </Filter>
  </ItemGroup>
  <ItemGroup>
    <ClCompile Include="..\Srcs\SpeedTreeWrapper.cpp">
      <Filter>Source Files</Filter>
    </ClCompile>
    <ClCompile Include="..\Srcs\SpeedTreeForestDirectX8.cpp">
      <Filter>Source Files</Filter>
    </ClCompile>
    <ClCompile Include="..\Srcs\SpeedTreeForest.cpp">
      <Filter>Source Files</Filter>
    </ClCompile>
    <ClCompile Include="..\Srcs\SpeedGrassWrapper.cpp">
      <Filter>Source Files</Filter>
    </ClCompile>
    <ClCompile Include="..\Srcs\SpeedGrassRT.cpp">
      <Filter>Source Files</Filter>
    </ClCompile>
    <ClCompile Include="..\Srcs\BoundaryShapeManager.cpp">
      <Filter>Source Files</Filter>
    </ClCompile>
    <ClCompile Include="..\Srcs\StdAfx.cpp" />
  </ItemGroup>
  <ItemGroup>
    <ClInclude Include="..\Srcs\BoundaryShapeManager.h">
      <Filter>Header Files</Filter>
    </ClInclude>
    <ClInclude Include="..\Srcs\Constants.h">
      <Filter>Header Files</Filter>
    </ClInclude>
    <ClInclude Include="..\Srcs\SpeedGrassRT.h">
      <Filter>Header Files</Filter>
    </ClInclude>
    <ClInclude Include="..\Srcs\SpeedGrassWrapper.h">
      <Filter>Header Files</Filter>
    </ClInclude>
    <ClInclude Include="..\Srcs\SpeedTreeConfig.h">
      <Filter>Header Files</Filter>
    </ClInclude>
    <ClInclude Include="..\Srcs\SpeedTreeForest.h">
      <Filter>Header Files</Filter>
    </ClInclude>
    <ClInclude Include="..\Srcs\SpeedTreeForestDirectX8.h">
      <Filter>Header Files</Filter>
    </ClInclude>
    <ClInclude Include="..\Srcs\SpeedTreeMaterial.h">
      <Filter>Header Files</Filter>
    </ClInclude>
    <ClInclude Include="..\Srcs\SpeedTreeWrapper.h">
      <Filter>Header Files</Filter>
    </ClInclude>
    <ClInclude Include="..\Srcs\VertexShaders.h">
      <Filter>Header Files</Filter>
    </ClInclude>
    <ClInclude Include="..\Srcs\StdAfx.h" />
  </ItemGroup>
</Project>