<?xml version="1.0" encoding="utf-8"?>
<Project ToolsVersion="4.0" xmlns="http://schemas.microsoft.com/developer/msbuild/2003">
  <ItemGroup>
    <Filter Include="Source Files">
      <UniqueIdentifier>{3439dc34-5353-487c-865d-7bd5988687ca}</UniqueIdentifier>
      <Extensions>cpp;c;cxx;rc;def;r;odl;idl;hpj;bat</Extensions>
    </Filter>
    <Filter Include="Header Files">
      <UniqueIdentifier>{fdd94ff0-f016-46af-ac15-ef6345b61a2a}</UniqueIdentifier>
      <Extensions>h;hpp;hxx;hm;inl</Extensions>
    </Filter>
  </ItemGroup>
  <ItemGroup>
    <ClInclude Include="..\Srcs\Util.h">
      <Filter>Header Files</Filter>
    </ClInclude>
    <ClInclude Include="..\Srcs\LODController.h">
      <Filter>Header Files</Filter>
    </ClInclude>
    <ClInclude Include="..\Srcs\Material.h">
      <Filter>Header Files</Filter>
    </ClInclude>
    <ClInclude Include="..\Srcs\Mesh.h">
      <Filter>Header Files</Filter>
    </ClInclude>
    <ClInclude Include="..\Srcs\Model.h">
      <Filter>Header Files</Filter>
    </ClInclude>
    <ClInclude Include="..\Srcs\ModelInstance.h">
      <Filter>Header Files</Filter>
    </ClInclude>
    <ClInclude Include="..\Srcs\Motion.h">
      <Filter>Header Files</Filter>
    </ClInclude>
    <ClInclude Include="..\Srcs\Thing.h">
      <Filter>Header Files</Filter>
    </ClInclude>
    <ClInclude Include="..\Srcs\ThingInstance.h">
      <Filter>Header Files</Filter>
    </ClInclude>
    <ClInclude Include="..\Srcs\StdAfx.h" />
  </ItemGroup>
  <ItemGroup>
    <ClCompile Include="..\Srcs\LODController.cpp">
      <Filter>Source Files</Filter>
    </ClCompile>
    <ClCompile Include="..\Srcs\Material.cpp">
      <Filter>Source Files</Filter>
    </ClCompile>
    <ClCompile Include="..\Srcs\Mesh.cpp">
      <Filter>Source Files</Filter>
    </ClCompile>
    <ClCompile Include="..\Srcs\Model.cpp">
      <Filter>Source Files</Filter>
    </ClCompile>
    <ClCompile Include="..\Srcs\ModelInstance.cpp">
      <Filter>Source Files</Filter>
    </ClCompile>
    <ClCompile Include="..\Srcs\ModelInstanceCollisionDetection.cpp">
      <Filter>Source Files</Filter>
    </ClCompile>
    <ClCompile Include="..\Srcs\ModelInstanceModel.cpp">
      <Filter>Source Files</Filter>
    </ClCompile>
    <ClCompile Include="..\Srcs\ModelInstanceMotion.cpp">
      <Filter>Source Files</Filter>
    </ClCompile>
    <ClCompile Include="..\Srcs\ModelInstanceRender.cpp">
      <Filter>Source Files</Filter>
    </ClCompile>
    <ClCompile Include="..\Srcs\ModelInstanceUpdate.cpp">
      <Filter>Source Files</Filter>
    </ClCompile>
    <ClCompile Include="..\Srcs\Motion.cpp">
      <Filter>Source Files</Filter>
    </ClCompile>
    <ClCompile Include="..\Srcs\Thing.cpp">
      <Filter>Source Files</Filter>
    </ClCompile>
    <ClCompile Include="..\Srcs\ThingInstance.cpp">
      <Filter>Source Files</Filter>
    </ClCompile>
    <ClCompile Include="..\Srcs\Util.cpp">
      <Filter>Source Files</Filter>
    </ClCompile>
    <ClCompile Include="..\Srcs\StdAfx.cpp" />
  </ItemGroup>
</Project>